{
  "name": "vulnerable-app",
  "version": "1.0.0",
  "lockfileVersion": 3,
  "requires": true,
  "packages": {
    "": {
      "name": "vulnerable-app",
      "version": "1.0.0",
      "dependencies": {
        "express-jwt": "0.1.3",
        "jsonwebtoken": "0.4.0",
        "pac-resolver": "4.2.0",
        "pdfkit": "0.11.0",
        "sanitize-html": "1.4.2"
      }
    },
    "node_modules/@swc/helpers": {
      "version": "0.3.17",
      "resolved": "https://registry.npmjs.org/@swc/helpers/-/helpers-0.3.17.tgz",
      "integrity": "sha512-tb7Iu+oZ+zWJZ3HJqwx8oNwSDIU440hmVMDPhpACWQWnrZHK99Bxs70gT1L2dnr5Hg50ZRWEFkQCAnOVVV0z1Q==",
      "dependencies": {
        "tslib": "^2.4.0"
      }
    },
    "node_modules/array-buffer-byte-length": {
      "version": "1.0.2",
      "resolved": "https://registry.npmjs.org/array-buffer-byte-length/-/array-buffer-byte-length-1.0.2.tgz",
      "integrity": "sha512-LHE+8BuR7RYGDKvnrmcuSq3tDcKv9OFEXQt/HpbZhY7V6h0zlUXutnAD82GiFx9rdieCMjkvtcsPqBwgUl1Iiw==",
      "dependencies": {
        "call-bound": "^1.0.3",
        "is-array-buffer": "^3.0.5"
      },
      "engines": {
        "node": ">= 0.4"
      },
      "funding": {
        "url": "https://github.com/sponsors/ljharb"
      }
    },
    "node_modules/ast-types": {
      "version": "0.13.4",
      "resolved": "https://registry.npmjs.org/ast-types/-/ast-types-0.13.4.tgz",
      "integrity": "sha512-x1FCFnFifvYDDzTaLII71vG5uvDwgtmDTEVWAxrgeiR8VjMONcCXJx7E+USjDtHlwFmt9MysbqgF9b9Vjr6w+w==",
      "dependencies": {
        "tslib": "^2.0.1"
      },
      "engines": {
        "node": ">=4"
      }
    },
    "node_modules/available-typed-arrays": {
      "version": "1.0.7",
      "resolved": "https://registry.npmjs.org/available-typed-arrays/-/available-typed-arrays-1.0.7.tgz",
      "integrity": "sha512-wvUjBtSGN7+7SjNpq/9M2Tg350UZD3q62IFZLbRAR1bSMlCo1ZaeW+BJ+D090e4hIIZLBcTDWe4Mh4jvUDajzQ==",
      "dependencies": {
        "possible-typed-array-names": "^1.0.0"
      },
      "engines": {
        "node": ">= 0.4"
      },
      "funding": {
        "url": "https://github.com/sponsors/ljharb"
      }
    },
    "node_modules/base64-js": {
      "version": "1.5.1",
      "resolved": "https://registry.npmjs.org/base64-js/-/base64-js-1.5.1.tgz",
      "integrity": "sha512-AKpaYlHn8t4SVbOHCy+b5+KKgvR4vrsD8vbvrbiQJps7fKDTkjkDry6ji0rUJjC0kzbNePLwzxq8iypo41qeWA==",
      "funding": [
        {
          "type": "github",
          "url": "https://github.com/sponsors/feross"
        },
        {
          "type": "patreon",
          "url": "https://www.patreon.com/feross"
        },
        {
          "type": "consulting",
          "url": "https://feross.org/support"
        }
      ]
    },
    "node_modules/base64url": {
      "version": "0.0.6",
      "resolved": "https://registry.npmjs.org/base64url/-/base64url-0.0.6.tgz",
      "integrity": "sha512-Nm33N5/uniFmlIxqu7wyfwUkAVhKdlY4wFHAnT6P+TJxPoaIASuAN7uyS1wUPsRTiv8yCT93p5P54txD7PRkVg=="
    },
    "node_modules/brotli": {
      "version": "1.3.3",
      "resolved": "https://registry.npmjs.org/brotli/-/brotli-1.3.3.tgz",
      "integrity": "sha512-oTKjJdShmDuGW94SyyaoQvAjf30dZaHnjJ8uAF+u2/vGJkJbJPJAT1gDiOJP5v1Zb6f9KEyW/1HpuaWIXtGHPg==",
      "dependencies": {
        "base64-js": "^1.1.2"
      }
    },
    "node_modules/browserify-zlib": {
      "version": "0.2.0",
      "resolved": "https://registry.npmjs.org/browserify-zlib/-/browserify-zlib-0.2.0.tgz",
